
Microsoft Visual Studio Solution File, Format Version 12.00
# Visual Studio Version 17
VisualStudioVersion = 17.5.002.0
MinimumVisualStudioVersion = 10.0.40219.1
Project("{9A19103F-16F7-4668-BE54-9A1E7A4F7556}") = "SampleCoreRestfulAPI", "SampleCoreRestfulAPI.csproj", "{AEBE250B-6957-4E57-9735-7D4B81E1DC49}"
EndProject
Global
	GlobalSection(SolutionConfigurationPlatforms) = preSolution
		Debug|Any CPU = Debug|Any CPU
		Release|Any CPU = Release|Any CPU
	EndGlobalSection
	GlobalSection(ProjectConfigurationPlatforms) = postSolution
		{AEBE250B-6957-4E57-9735-7D4B81E1DC49}.Debug|Any CPU.ActiveCfg = Debug|Any CPU
		{AEBE250B-6957-4E57-9735-7D4B81E1DC49}.Debug|Any CPU.Build.0 = Debug|Any CPU
		{AEBE250B-6957-4E57-9735-7D4B81E1DC49}.Release|Any CPU.ActiveCfg = Release|Any CPU
		{AEBE250B-6957-4E57-9735-7D4B81E1DC49}.Release|Any CPU.Build.0 = Release|Any CPU
	EndGlobalSection
	GlobalSection(SolutionProperties) = preSolution
		HideSolutionNode = FALSE
	EndGlobalSection
	GlobalSection(ExtensibilityGlobals) = postSolution
		SolutionGuid = {35326712-EEE6-4BA0-8778-13EF4717BD78}
	EndGlobalSection
EndGlobal
